
Microsoft Visual Studio Solution File, Format Version 12.00
# Visual Studio Version 16
VisualStudioVersion = 16.0.29519.87
MinimumVisualStudioVersion = 10.0.40219.1
Project("{8BC9CEB8-8B4A-11D0-8D11-00A0C91BC942}") = "02", "02.vcxproj", "{CCBC2C40-023E-4653-AD15-5F6DB7281EB8}"
EndProject
Global
	GlobalSection(SolutionConfigurationPlatforms) = preSolution
		Debug|x64 = Debug|x64
		Debug|x86 = Debug|x86
		Release|x64 = Release|x64
		Release|x86 = Release|x86
	EndGlobalSection
	GlobalSection(ProjectConfigurationPlatforms) = postSolution
		{CCBC2C40-023E-4653-AD15-5F6DB7281EB8}.Debug|x64.ActiveCfg = Debug|x64
		{CCBC2C40-023E-4653-AD15-5F6DB7281EB8}.Debug|x64.Build.0 = Debug|x64
		{CCBC2C40-023E-4653-AD15-5F6DB7281EB8}.Debug|x86.ActiveCfg = Debug|Win32
		{CCBC2C40-023E-4653-AD15-5F6DB7281EB8}.Debug|x86.Build.0 = Debug|Win32
		{CCBC2C40-023E-4653-AD15-5F6DB7281EB8}.Release|x64.ActiveCfg = Release|x64
		{CCBC2C40-023E-4653-AD15-5F6DB7281EB8}.Release|x64.Build.0 = Release|x64
		{CCBC2C40-023E-4653-AD15-5F6DB7281EB8}.Release|x86.ActiveCfg = Release|Win32
		{CCBC2C40-023E-4653-AD15-5F6DB7281EB8}.Release|x86.Build.0 = Release|Win32
	EndGlobalSection
	GlobalSection(SolutionProperties) = preSolution
		HideSolutionNode = FALSE
	EndGlobalSection
	GlobalSection(ExtensibilityGlobals) = postSolution
		SolutionGuid = {BAED1748-997B-4ED8-91EA-EE2043864C25}
	EndGlobalSection
EndGlobal
